// !$*UTF8*$!
{
	archiveVersion = 1;
	classes = {
	};
	objectVersion = 50;
	objects = {

/* Begin PBXBuildFile section */
		DBC436842451B3B1007DB823 /* AppDelegate.swift in Sources */ = {isa = PBXBuildFile; fileRef = DBC436832451B3B1007DB823 /* AppDelegate.swift */; };
		DBC436862451B3B1007DB823 /* SceneDelegate.swift in Sources */ = {isa = PBXBuildFile; fileRef = DBC436852451B3B1007DB823 /* SceneDelegate.swift */; };
		DBC436882451B3B1007DB823 /* ViewController.swift in Sources */ = {isa = PBXBuildFile; fileRef = DBC436872451B3B1007DB823 /* ViewController.swift */; };
		DBC4368B2451B3B1007DB823 /* Main.storyboard in Resources */ = {isa = PBXBuildFile; fileRef = DBC436892451B3B1007DB823 /* Main.storyboard */; };
		DBC4368D2451B3B2007DB823 /* Assets.xcassets in Resources */ = {isa = PBXBuildFile; fileRef = DBC4368C2451B3B2007DB823 /* Assets.xcassets */; };
		DBC436902451B3B2007DB823 /* LaunchScreen.storyboard in Resources */ = {isa = PBXBuildFile; fileRef = DBC4368E2451B3B2007DB823 /* LaunchScreen.storyboard */; };
/* End PBXBuildFile section */

/* Begin PBXFileReference section */
		DBC436802451B3B1007DB823 /* MatrixDeterminant.app */ = {isa = PBXFileReference; explicitFileType = wrapper.application; includeInIndex = 0; path = MatrixDeterminant.app; sourceTree = BUILT_PRODUCTS_DIR; };
		DBC436832451B3B1007DB823 /* AppDelegate.swift */ = {isa = PBXFileReference; lastKnownFileType = sourcecode.swift; path = AppDelegate.swift; sourceTree = "<group>"; };
		DBC436852451B3B1007DB823 /* SceneDelegate.swift */ = {isa = PBXFileReference; lastKnownFileType = sourcecode.swift; path = SceneDelegate.swift; sourceTree = "<group>"; };
		DBC436872451B3B1007DB823 /* ViewController.swift */ = {isa = PBXFileReference; lastKnownFileType = sourcecode.swift; path = ViewController.swift; sourceTree = "<group>"; };
		DBC4368A2451B3B1007DB823 /* Base */ = {isa = PBXFileReference; lastKnownFileType = file.storyboard; name = Base; path = Base.lproj/Main.storyboard; sourceTree = "<group>"; };
		DBC4368C2451B3B2007DB823 /* Assets.xcassets */ = {isa = PBXFileReference; lastKnownFileType = folder.assetcatalog; path = Assets.xcassets; sourceTree = "<group>"; };
		DBC4368F2451B3B2007DB823 /* Base */ = {isa = PBXFileReference; lastKnownFileType = file.storyboard; name = Base; path = Base.lproj/LaunchScreen.storyboard; sourceTree = "<group>"; };
		DBC436912451B3B2007DB823 /* Info.plist */ = {isa = PBXFileReference; lastKnownFileType = text.plist.xml; path = Info.plist; sourceTree = "<group>"; };
/* End PBXFileReference section */

/* Begin PBXFrameworksBuildPhase section */
		DBC4367D2451B3B1007DB823 /* Frameworks */ = {
			isa = PBXFrameworksBuildPhase;
			buildActionMask = 2147483647;
			files = (
			);
			runOnlyForDeploymentPostprocessing = 0;
		};
/* End PBXFrameworksBuildPhase section */

/* Begin PBXGroup section */
		DBC436772451B3B1007DB823 = {
			isa = PBXGroup;
			children = (
				DBC436822451B3B1007DB823 /* MatrixDeterminant */,
				DBC436812451B3B1007DB823 /* Products */,
			);
			sourceTree = "<group>";
		};
		DBC436812451B3B1007DB823 /* Products */ = {
			isa = PBXGroup;
			children = (
				DBC436802451B3B1007DB823 /* MatrixDeterminant.app */,
			);
			name = Products;
			sourceTree = "<group>";
		};
		DBC436822451B3B1007DB823 /* MatrixDeterminant */ = {
			isa = PBXGroup;
			children = (
				DBC436972451B49B007DB823 /* Controller */,
				DBC436982451B4AC007DB823 /* Supporting files */,
			);
			path = MatrixDeterminant;
			sourceTree = "<group>";
		};
		DBC436972451B49B007DB823 /* Controller */ = {
			isa = PBXGroup;
			children = (
				DBC436872451B3B1007DB823 /* ViewController.swift */,
			);
			path = Controller;
			sourceTree = "<group>";
		};
		DBC436982451B4AC007DB823 /* Supporting files */ = {
			isa = PBXGroup;
			children = (
				DBC436832451B3B1007DB823 /* AppDelegate.swift */,
				DBC436852451B3B1007DB823 /* SceneDelegate.swift */,
				DBC436892451B3B1007DB823 /* Main.storyboard */,
				DBC4368C2451B3B2007DB823 /* Assets.xcassets */,
				DBC4368E2451B3B2007DB823 /* LaunchScreen.storyboard */,
				DBC436912451B3B2007DB823 /* Info.plist */,
			);
			path = "Supporting files";
			sourceTree = "<group>";
		};
/* End PBXGroup section */

/* Begin PBXNativeTarget section */
		DBC4367F2451B3B1007DB823 /* MatrixDeterminant */ = {
			isa = PBXNativeTarget;
			buildConfigurationList = DBC436942451B3B2007DB823 /* Build configuration list for PBXNativeTarget "MatrixDeterminant" */;
			buildPhases = (
				DBC4367C2451B3B1007DB823 /* Sources */,
				DBC4367D2451B3B1007DB823 /* Frameworks */,
				DBC4367E2451B3B1007DB823 /* Resources */,
			);
			buildRules = (
			);
			dependencies = (
			);
			name = MatrixDeterminant;
			productName = MatrixDeterminant;
			productReference = DBC436802451B3B1007DB823 /* MatrixDeterminant.app */;
			productType = "com.apple.product-type.application";
		};
/* End PBXNativeTarget section */

/* Begin PBXProject section */
		DBC436782451B3B1007DB823 /* Project object */ = {
			isa = PBXProject;
			attributes = {
				LastSwiftUpdateCheck = 1120;
				LastUpgradeCheck = 1120;
				ORGANIZATIONNAME = "Andrey Kovalenko";
				TargetAttributes = {
					DBC4367F2451B3B1007DB823 = {
						CreatedOnToolsVersion = 11.2.1;
					};
				};
			};
			buildConfigurationList = DBC4367B2451B3B1007DB823 /* Build configuration list for PBXProject "MatrixDeterminant" */;
			compatibilityVersion = "Xcode 9.3";
			developmentRegion = en;
			hasScannedForEncodings = 0;
			knownRegions = (
				en,
				Base,
			);
			mainGroup = DBC436772451B3B1007DB823;
			productRefGroup = DBC436812451B3B1007DB823 /* Products */;
			projectDirPath = "";
			projectRoot = "";
			targets = (
				DBC4367F2451B3B1007DB823 /* MatrixDeterminant */,
			);
		};
/* End PBXProject section */

/* Begin PBXResourcesBuildPhase section */
		DBC4367E2451B3B1007DB823 /* Resources */ = {
			isa = PBXResourcesBuildPhase;
			buildActionMask = 2147483647;
			files = (
				DBC436902451B3B2007DB823 /* LaunchScreen.storyboard in Resources */,
				DBC4368D2451B3B2007DB823 /* Assets.xcassets in Resources */,
				DBC4368B2451B3B1007DB823 /* Main.storyboard in Resources */,
			);
			runOnlyForDeploymentPostprocessing = 0;
		};
/* End PBXResourcesBuildPhase section */

/* Begin PBXSourcesBuildPhase section */
		DBC4367C2451B3B1007DB823 /* Sources */ = {
			isa = PBXSourcesBuildPhase;
			buildActionMask = 2147483647;
			files = (
				DBC436882451B3B1007DB823 /* ViewController.swift in Sources */,
				DBC436842451B3B1007DB823 /* AppDelegate.swift in Sources */,
				DBC436862451B3B1007DB823 /* SceneDelegate.swift in Sources */,
			);
			runOnlyForDeploymentPostprocessing = 0;
		};
/* End PBXSourcesBuildPhase section */

/* Begin PBXVariantGroup section */
		DBC436892451B3B1007DB823 /* Main.storyboard */ = {
			isa = PBXVariantGroup;
			children = (
				DBC4368A2451B3B1007DB823 /* Base */,
			);
			name = Main.storyboard;
			sourceTree = "<group>";
		};
		DBC4368E2451B3B2007DB823 /* LaunchScreen.storyboard */ = {
			isa = PBXVariantGroup;
			children = (
				DBC4368F2451B3B2007DB823 /* Base */,
			);
			name = LaunchScreen.storyboard;
			sourceTree = "<group>";
		};
/* End PBXVariantGroup section */

/* Begin XCBuildConfiguration section */
		DBC436922451B3B2007DB823 /* Debug */ = {
			isa = XCBuildConfiguration;
			buildSettings = {
				ALWAYS_SEARCH_USER_PATHS = NO;
				CLANG_ANALYZER_NONNULL = YES;
				CLANG_ANALYZER_NUMBER_OBJECT_CONVERSION = YES_AGGRESSIVE;
				CLANG_CXX_LANGUAGE_STANDARD = "gnu++14";
				CLANG_CXX_LIBRARY = "libc++";
				CLANG_ENABLE_MODULES = YES;
				CLANG_ENABLE_OBJC_ARC = YES;
				CLANG_ENABLE_OBJC_WEAK = YES;
				CLANG_WARN_BLOCK_CAPTURE_AUTORELEASING = YES;
				CLANG_WARN_BOOL_CONVERSION = YES;
				CLANG_WARN_COMMA = YES;
				CLANG_WARN_CONSTANT_CONVERSION = YES;
				CLANG_WARN_DEPRECATED_OBJC_IMPLEMENTATIONS = YES;
				CLANG_WARN_DIRECT_OBJC_ISA_USAGE = YES_ERROR;
				CLANG_WARN_DOCUMENTATION_COMMENTS = YES;
				CLANG_WARN_EMPTY_BODY = YES;
				CLANG_WARN_ENUM_CONVERSION = YES;
				CLANG_WARN_INFINITE_RECURSION = YES;
				CLANG_WARN_INT_CONVERSION = YES;
				CLANG_WARN_NON_LITERAL_NULL_CONVERSION = YES;
				CLANG_WARN_OBJC_IMPLICIT_RETAIN_SELF = YES;
				CLANG_WARN_OBJC_LITERAL_CONVERSION = YES;
				CLANG_WARN_OBJC_ROOT_CLASS = YES_ERROR;
				CLANG_WARN_RANGE_LOOP_ANALYSIS = YES;
				CLANG_WARN_STRICT_PROTOTYPES = YES;
				CLANG_WARN_SUSPICIOUS_MOVE = YES;
				CLANG_WARN_UNGUARDED_AVAILABILITY = YES_AGGRESSIVE;
				CLANG_WARN_UNREACHABLE_CODE = YES;
				CLANG_WARN__DUPLICATE_METHOD_MATCH = YES;
				COPY_PHASE_STRIP = NO;
				DEBUG_INFORMATION_FORMAT = dwarf;
				ENABLE_STRICT_OBJC_MSGSEND = YES;
				ENABLE_TESTABILITY = YES;
				GCC_C_LANGUAGE_STANDARD = gnu11;
				GCC_DYNAMIC_NO_PIC = NO;
				GCC_NO_COMMON_BLOCKS = YES;
				GCC_OPTIMIZATION_LEVEL = 0;
				GCC_PREPROCESSOR_DEFINITIONS = (
					"DEBUG=1",
					"$(inherited)",
				);
				GCC_WARN_64_TO_32_BIT_CONVERSION = YES;
				GCC_WARN_ABOUT_RETURN_TYPE = YES_ERROR;
				GCC_WARN_UNDECLARED_SELECTOR = YES;
				GCC_WARN_UNINITIALIZED_AUTOS = YES_AGGRESSIVE;
				GCC_WARN_UNUSED_FUNCTION = YES;
				GCC_WARN_UNUSED_VARIABLE = YES;
				IPHONEOS_DEPLOYMENT_TARGET = 13.2;
				MTL_ENABLE_DEBUG_INFO = INCLUDE_SOURCE;
				MTL_FAST_MATH = YES;
				ONLY_ACTIVE_ARCH = YES;
				SDKROOT = iphoneos;
				SWIFT_ACTIVE_COMPILATION_CONDITIONS = DEBUG;
				SWIFT_OPTIMIZATION_LEVEL = "-Onone";
			};
			name = Debug;
		};
		DBC436932451B3B2007DB823 /* Release */ = {
			isa = XCBuildConfiguration;
			buildSettings = {
				ALWAYS_SEARCH_USER_PATHS = NO;
				CLANG_ANALYZER_NONNULL = YES;
				CLANG_ANALYZER_NUMBER_OBJECT_CONVERSION = YES_AGGRESSIVE;
				CLANG_CXX_LANGUAGE_STANDARD = "gnu++14";
				CLANG_CXX_LIBRARY = "libc++";
				CLANG_ENABLE_MODULES = YES;
				CLANG_ENABLE_OBJC_ARC = YES;
				CLANG_ENABLE_OBJC_WEAK = YES;
				CLANG_WARN_BLOCK_CAPTURE_AUTORELEASING = YES;
				CLANG_WARN_BOOL_CONVERSION = YES;
				CLANG_WARN_COMMA = YES;
				CLANG_WARN_CONSTANT_CONVERSION = YES;
				CLANG_WARN_DEPRECATED_OBJC_IMPLEMENTATIONS = YES;
				CLANG_WARN_DIRECT_OBJC_ISA_USAGE = YES_ERROR;
				CLANG_WARN_DOCUMENTATION_COMMENTS = YES;
				CLANG_WARN_EMPTY_BODY = YES;
				CLANG_WARN_ENUM_CONVERSION = YES;
				CLANG_WARN_INFINITE_RECURSION = YES;
				CLANG_WARN_INT_CONVERSION = YES;
				CLANG_WARN_NON_LITERAL_NULL_CONVERSION = YES;
				CLANG_WARN_OBJC_IMPLICIT_RETAIN_SELF = YES;
				CLANG_WARN_OBJC_LITERAL_CONVERSION = YES;
				CLANG_WARN_OBJC_ROOT_CLASS = YES_ERROR;
				CLANG_WARN_RANGE_LOOP_ANALYSIS = YES;
				CLANG_WARN_STRICT_PROTOTYPES = YES;
				CLANG_WARN_SUSPICIOUS_MOVE = YES;
				CLANG_WARN_UNGUARDED_AVAILABILITY = YES_AGGRESSIVE;
				CLANG_WARN_UNREACHABLE_CODE = YES;
				CLANG_WARN__DUPLICATE_METHOD_MATCH = YES;
				COPY_PHASE_STRIP = NO;
				DEBUG_INFORMATION_FORMAT = "dwarf-with-dsym";
				ENABLE_NS_ASSERTIONS = NO;
				ENABLE_STRICT_OBJC_MSGSEND = YES;
				GCC_C_LANGUAGE_STANDARD = gnu11;
				GCC_NO_COMMON_BLOCKS = YES;
				GCC_WARN_64_TO_32_BIT_CONVERSION = YES;
				GCC_WARN_ABOUT_RETURN_TYPE = YES_ERROR;
				GCC_WARN_UNDECLARED_SELECTOR = YES;
				GCC_WARN_UNINITIALIZED_AUTOS = YES_AGGRESSIVE;
				GCC_WARN_UNUSED_FUNCTION = YES;
				GCC_WARN_UNUSED_VARIABLE = YES;
				IPHONEOS_DEPLOYMENT_TARGET = 13.2;
				MTL_ENABLE_DEBUG_INFO = NO;
				MTL_FAST_MATH = YES;
				SDKROOT = iphoneos;
				SWIFT_COMPILATION_MODE = wholemodule;
				SWIFT_OPTIMIZATION_LEVEL = "-O";
				VALIDATE_PRODUCT = YES;
			};
			name = Release;
		};
		DBC436952451B3B2007DB823 /* Debug */ = {
			isa = XCBuildConfiguration;
			buildSettings = {
				ASSETCATALOG_COMPILER_APPICON_NAME = AppIcon;
				CODE_SIGN_STYLE = Automatic;
				DEVELOPMENT_TEAM = B4QM5LYQNJ;
				INFOPLIST_FILE = "$(SRCROOT)/MatrixDeterminant/Supporting files/Info.plist";
				LD_RUNPATH_SEARCH_PATHS = (
					"$(inherited)",
					"@executable_path/Frameworks",
				);
				PRODUCT_BUNDLE_IDENTIFIER = BadCompany.MatrixDeterminant;
				PRODUCT_NAME = "$(TARGET_NAME)";
				SWIFT_VERSION = 5.0;
				TARGETED_DEVICE_FAMILY = 1;
			};
			name = Debug;
		};
		DBC436962451B3B2007DB823 /* Release */ = {
			isa = XCBuildConfiguration;
			buildSettings = {
				ASSETCATALOG_COMPILER_APPICON_NAME = AppIcon;
				CODE_SIGN_STYLE = Automatic;
				DEVELOPMENT_TEAM = B4QM5LYQNJ;
				INFOPLIST_FILE = "$(SRCROOT)/MatrixDeterminant/Supporting files/Info.plist";
				LD_RUNPATH_SEARCH_PATHS = (
					"$(inherited)",
					"@executable_path/Frameworks",
				);
				PRODUCT_BUNDLE_IDENTIFIER = BadCompany.MatrixDeterminant;
				PRODUCT_NAME = "$(TARGET_NAME)";
				SWIFT_VERSION = 5.0;
				TARGETED_DEVICE_FAMILY = 1;
			};
			name = Release;
		};
/* End XCBuildConfiguration section */

/* Begin XCConfigurationList section */
		DBC4367B2451B3B1007DB823 /* Build configuration list for PBXProject "MatrixDeterminant" */ = {
			isa = XCConfigurationList;
			buildConfigurations = (
				DBC436922451B3B2007DB823 /* Debug */,
				DBC436932451B3B2007DB823 /* Release */,
			);
			defaultConfigurationIsVisible = 0;
			defaultConfigurationName = Release;
		};
		DBC436942451B3B2007DB823 /* Build configuration list for PBXNativeTarget "MatrixDeterminant" */ = {
			isa = XCConfigurationList;
			buildConfigurations = (
				DBC436952451B3B2007DB823 /* Debug */,
				DBC436962451B3B2007DB823 /* Release */,
			);
			defaultConfigurationIsVisible = 0;
			defaultConfigurationName = Release;
		};
/* End XCConfigurationList section */
	};
	rootObject = DBC436782451B3B1007DB823 /* Project object */;
}
